
Microsoft Visual Studio Solution File, Format Version 12.00
# Visual Studio Version 16
VisualStudioVersion = 16.0.30523.141
MinimumVisualStudioVersion = 10.0.40219.1
Project("{FAE04EC0-301F-11D3-BF4B-00C04F79EFBC}") = "RPSLS", "RPSLS\RPSLS.csproj", "{E3C1481D-FFEF-4040-BF8D-D0C0C1C0618B}"
EndProject
Global
	GlobalSection(SolutionConfigurationPlatforms) = preSolution
		Debug|Any CPU = Debug|Any CPU
		Release|Any CPU = Release|Any CPU
	EndGlobalSection
	GlobalSection(ProjectConfigurationPlatforms) = postSolution
		{E3C1481D-FFEF-4040-BF8D-D0C0C1C0618B}.Debug|Any CPU.ActiveCfg = Debug|Any CPU
		{E3C1481D-FFEF-4040-BF8D-D0C0C1C0618B}.Debug|Any CPU.Build.0 = Debug|Any CPU
		{E3C1481D-FFEF-4040-BF8D-D0C0C1C0618B}.Release|Any CPU.ActiveCfg = Release|Any CPU
		{E3C1481D-FFEF-4040-BF8D-D0C0C1C0618B}.Release|Any CPU.Build.0 = Release|Any CPU
	EndGlobalSection
	GlobalSection(SolutionProperties) = preSolution
		HideSolutionNode = FALSE
	EndGlobalSection
	GlobalSection(ExtensibilityGlobals) = postSolution
		SolutionGuid = {3D11C56C-6192-4709-B052-3F3E1E16DFF0}
	EndGlobalSection
EndGlobal
